
Microsoft Visual Studio Solution File, Format Version 12.00
# Visual Studio Version 16
VisualStudioVersion = 16.0.33328.57
MinimumVisualStudioVersion = 10.0.40219.1
Project("{FAE04EC0-301F-11D3-BF4B-00C04F79EFBC}") = "IfElse", "IfElse\IfElse.csproj", "{844B22AD-1B6B-441A-AE28-CEAB0374E92F}"
EndProject
Project("{FAE04EC0-301F-11D3-BF4B-00C04F79EFBC}") = "IfIf", "IfIf\IfIf.csproj", "{38E1D79D-551F-48D1-882F-66FF3EE42F14}"
EndProject
Project("{FAE04EC0-301F-11D3-BF4B-00C04F79EFBC}") = "p151_ex2", "p151_ex2\p151_ex2.csproj", "{16D59FA6-B29C-4B55-AF28-5D8DB5E0B98F}"
EndProject
Project("{FAE04EC0-301F-11D3-BF4B-00C04F79EFBC}") = "p151_ex3", "p151_ex3\p151_ex3.csproj", "{B37044D1-004E-45D0-BF26-6345EAEFE649}"
EndProject
Project("{FAE04EC0-301F-11D3-BF4B-00C04F79EFBC}") = "p151_ex4", "p151_ex4\p151_ex4.csproj", "{916A2016-58FC-4912-976D-6EB5383265CF}"
EndProject
Project("{FAE04EC0-301F-11D3-BF4B-00C04F79EFBC}") = "p151_ex5", "p151_ex5\p151_ex5.csproj", "{C43B65E1-7D07-4F73-A689-24A5B2B0AEDC}"
EndProject
Project("{FAE04EC0-301F-11D3-BF4B-00C04F79EFBC}") = "p151_ex6", "p151_ex6\p151_ex6.csproj", "{2D997402-CFCB-4539-92A4-6701971F03D7}"
EndProject
Project("{FAE04EC0-301F-11D3-BF4B-00C04F79EFBC}") = "Switch", "Switch\Switch.csproj", "{1603B537-DE27-4A2F-8244-6D3B771FD24E}"
EndProject
Project("{FAE04EC0-301F-11D3-BF4B-00C04F79EFBC}") = "SwitchExp", "SwitchExp\SwitchExp.csproj", "{3DDD4800-308A-4380-BB60-6B3C8760E33A}"
EndProject
Project("{FAE04EC0-301F-11D3-BF4B-00C04F79EFBC}") = "p161_ex2", "p161_ex2\p161_ex2.csproj", "{E2C98D1A-28A9-43D8-BCA6-ECA1EBEEF8E4}"
EndProject
Project("{FAE04EC0-301F-11D3-BF4B-00C04F79EFBC}") = "p161_ex3", "p161_ex3\p161_ex3.csproj", "{E5F4C9AC-2B5F-42A0-9BFE-FE3C51E27D0B}"
EndProject
Project("{FAE04EC0-301F-11D3-BF4B-00C04F79EFBC}") = "p161_ex4", "p161_ex4\p161_ex4.csproj", "{B5D3445A-1DB3-4BCB-BEFA-17326C9891BB}"
EndProject
Project("{FAE04EC0-301F-11D3-BF4B-00C04F79EFBC}") = "While", "While\While.csproj", "{63EE8A8E-56E7-4E10-8B65-971261A14884}"
EndProject
Project("{FAE04EC0-301F-11D3-BF4B-00C04F79EFBC}") = "While1", "While1\While1.csproj", "{8E29FDE7-F82A-432E-A293-DD73C96C59E0}"
EndProject
Project("{FAE04EC0-301F-11D3-BF4B-00C04F79EFBC}") = "For", "For\For.csproj", "{28571C81-324D-4B3E-AE95-9EF2E394B9C1}"
EndProject
Project("{FAE04EC0-301F-11D3-BF4B-00C04F79EFBC}") = "ForFor", "ForFor\ForFor.csproj", "{022BD68B-E677-494C-BD67-E09901601568}"
EndProject
Project("{FAE04EC0-301F-11D3-BF4B-00C04F79EFBC}") = "EXAMPLE1", "EXAMPLE1\EXAMPLE1.csproj", "{EE2CBA02-B6BC-455B-8798-57A69799E406}"
EndProject
Project("{FAE04EC0-301F-11D3-BF4B-00C04F79EFBC}") = "ForEach", "ForEach\ForEach.csproj", "{735F60C2-D323-4C02-8372-2F0588A6A07D}"
EndProject
Project("{FAE04EC0-301F-11D3-BF4B-00C04F79EFBC}") = "Break", "Break\Break.csproj", "{68BE1855-DB01-4137-A695-0FA3D70907C3}"
EndProject
Project("{FAE04EC0-301F-11D3-BF4B-00C04F79EFBC}") = "Continue", "Continue\Continue.csproj", "{A429577F-4914-46AC-A7CE-5553FC2554E0}"
EndProject
Project("{FAE04EC0-301F-11D3-BF4B-00C04F79EFBC}") = "Goto", "Goto\Goto.csproj", "{ED542B2C-069D-48CC-A26B-F191475B9765}"
EndProject
Global
	GlobalSection(SolutionConfigurationPlatforms) = preSolution
		Debug|Any CPU = Debug|Any CPU
		Release|Any CPU = Release|Any CPU
	EndGlobalSection
	GlobalSection(ProjectConfigurationPlatforms) = postSolution
		{844B22AD-1B6B-441A-AE28-CEAB0374E92F}.Debug|Any CPU.ActiveCfg = Debug|Any CPU
		{844B22AD-1B6B-441A-AE28-CEAB0374E92F}.Debug|Any CPU.Build.0 = Debug|Any CPU
		{844B22AD-1B6B-441A-AE28-CEAB0374E92F}.Release|Any CPU.ActiveCfg = Release|Any CPU
		{844B22AD-1B6B-441A-AE28-CEAB0374E92F}.Release|Any CPU.Build.0 = Release|Any CPU
		{38E1D79D-551F-48D1-882F-66FF3EE42F14}.Debug|Any CPU.ActiveCfg = Debug|Any CPU
		{38E1D79D-551F-48D1-882F-66FF3EE42F14}.Debug|Any CPU.Build.0 = Debug|Any CPU
		{38E1D79D-551F-48D1-882F-66FF3EE42F14}.Release|Any CPU.ActiveCfg = Release|Any CPU
		{38E1D79D-551F-48D1-882F-66FF3EE42F14}.Release|Any CPU.Build.0 = Release|Any CPU
		{16D59FA6-B29C-4B55-AF28-5D8DB5E0B98F}.Debug|Any CPU.ActiveCfg = Debug|Any CPU
		{16D59FA6-B29C-4B55-AF28-5D8DB5E0B98F}.Debug|Any CPU.Build.0 = Debug|Any CPU
		{16D59FA6-B29C-4B55-AF28-5D8DB5E0B98F}.Release|Any CPU.ActiveCfg = Release|Any CPU
		{16D59FA6-B29C-4B55-AF28-5D8DB5E0B98F}.Release|Any CPU.Build.0 = Release|Any CPU
		{B37044D1-004E-45D0-BF26-6345EAEFE649}.Debug|Any CPU.ActiveCfg = Debug|Any CPU
		{B37044D1-004E-45D0-BF26-6345EAEFE649}.Debug|Any CPU.Build.0 = Debug|Any CPU
		{B37044D1-004E-45D0-BF26-6345EAEFE649}.Release|Any CPU.ActiveCfg = Release|Any CPU
		{B37044D1-004E-45D0-BF26-6345EAEFE649}.Release|Any CPU.Build.0 = Release|Any CPU
		{916A2016-58FC-4912-976D-6EB5383265CF}.Debug|Any CPU.ActiveCfg = Debug|Any CPU
		{916A2016-58FC-4912-976D-6EB5383265CF}.Debug|Any CPU.Build.0 = Debug|Any CPU
		{916A2016-58FC-4912-976D-6EB5383265CF}.Release|Any CPU.ActiveCfg = Release|Any CPU
		{916A2016-58FC-4912-976D-6EB5383265CF}.Release|Any CPU.Build.0 = Release|Any CPU
		{C43B65E1-7D07-4F73-A689-24A5B2B0AEDC}.Debug|Any CPU.ActiveCfg = Debug|Any CPU
		{C43B65E1-7D07-4F73-A689-24A5B2B0AEDC}.Debug|Any CPU.Build.0 = Debug|Any CPU
		{C43B65E1-7D07-4F73-A689-24A5B2B0AEDC}.Release|Any CPU.ActiveCfg = Release|Any CPU
		{C43B65E1-7D07-4F73-A689-24A5B2B0AEDC}.Release|Any CPU.Build.0 = Release|Any CPU
		{2D997402-CFCB-4539-92A4-6701971F03D7}.Debug|Any CPU.ActiveCfg = Debug|Any CPU
		{2D997402-CFCB-4539-92A4-6701971F03D7}.Debug|Any CPU.Build.0 = Debug|Any CPU
		{2D997402-CFCB-4539-92A4-6701971F03D7}.Release|Any CPU.ActiveCfg = Release|Any CPU
		{2D997402-CFCB-4539-92A4-6701971F03D7}.Release|Any CPU.Build.0 = Release|Any CPU
		{1603B537-DE27-4A2F-8244-6D3B771FD24E}.Debug|Any CPU.ActiveCfg = Debug|Any CPU
		{1603B537-DE27-4A2F-8244-6D3B771FD24E}.Debug|Any CPU.Build.0 = Debug|Any CPU
		{1603B537-DE27-4A2F-8244-6D3B771FD24E}.Release|Any CPU.ActiveCfg = Release|Any CPU
		{1603B537-DE27-4A2F-8244-6D3B771FD24E}.Release|Any CPU.Build.0 = Release|Any CPU
		{3DDD4800-308A-4380-BB60-6B3C8760E33A}.Debug|Any CPU.ActiveCfg = Debug|Any CPU
		{3DDD4800-308A-4380-BB60-6B3C8760E33A}.Debug|Any CPU.Build.0 = Debug|Any CPU
		{3DDD4800-308A-4380-BB60-6B3C8760E33A}.Release|Any CPU.ActiveCfg = Release|Any CPU
		{3DDD4800-308A-4380-BB60-6B3C8760E33A}.Release|Any CPU.Build.0 = Release|Any CPU
		{E2C98D1A-28A9-43D8-BCA6-ECA1EBEEF8E4}.Debug|Any CPU.ActiveCfg = Debug|Any CPU
		{E2C98D1A-28A9-43D8-BCA6-ECA1EBEEF8E4}.Debug|Any CPU.Build.0 = Debug|Any CPU
		{E2C98D1A-28A9-43D8-BCA6-ECA1EBEEF8E4}.Release|Any CPU.ActiveCfg = Release|Any CPU
		{E2C98D1A-28A9-43D8-BCA6-ECA1EBEEF8E4}.Release|Any CPU.Build.0 = Release|Any CPU
		{E5F4C9AC-2B5F-42A0-9BFE-FE3C51E27D0B}.Debug|Any CPU.ActiveCfg = Debug|Any CPU
		{E5F4C9AC-2B5F-42A0-9BFE-FE3C51E27D0B}.Debug|Any CPU.Build.0 = Debug|Any CPU
		{E5F4C9AC-2B5F-42A0-9BFE-FE3C51E27D0B}.Release|Any CPU.ActiveCfg = Release|Any CPU
		{E5F4C9AC-2B5F-42A0-9BFE-FE3C51E27D0B}.Release|Any CPU.Build.0 = Release|Any CPU
		{B5D3445A-1DB3-4BCB-BEFA-17326C9891BB}.Debug|Any CPU.ActiveCfg = Debug|Any CPU
		{B5D3445A-1DB3-4BCB-BEFA-17326C9891BB}.Debug|Any CPU.Build.0 = Debug|Any CPU
		{B5D3445A-1DB3-4BCB-BEFA-17326C9891BB}.Release|Any CPU.ActiveCfg = Release|Any CPU
		{B5D3445A-1DB3-4BCB-BEFA-17326C9891BB}.Release|Any CPU.Build.0 = Release|Any CPU
		{63EE8A8E-56E7-4E10-8B65-971261A14884}.Debug|Any CPU.ActiveCfg = Debug|Any CPU
		{63EE8A8E-56E7-4E10-8B65-971261A14884}.Debug|Any CPU.Build.0 = Debug|Any CPU
		{63EE8A8E-56E7-4E10-8B65-971261A14884}.Release|Any CPU.ActiveCfg = Release|Any CPU
		{63EE8A8E-56E7-4E10-8B65-971261A14884}.Release|Any CPU.Build.0 = Release|Any CPU
		{8E29FDE7-F82A-432E-A293-DD73C96C59E0}.Debug|Any CPU.ActiveCfg = Debug|Any CPU
		{8E29FDE7-F82A-432E-A293-DD73C96C59E0}.Debug|Any CPU.Build.0 = Debug|Any CPU
		{8E29FDE7-F82A-432E-A293-DD73C96C59E0}.Release|Any CPU.ActiveCfg = Release|Any CPU
		{8E29FDE7-F82A-432E-A293-DD73C96C59E0}.Release|Any CPU.Build.0 = Release|Any CPU
		{28571C81-324D-4B3E-AE95-9EF2E394B9C1}.Debug|Any CPU.ActiveCfg = Debug|Any CPU
		{28571C81-324D-4B3E-AE95-9EF2E394B9C1}.Debug|Any CPU.Build.0 = Debug|Any CPU
		{28571C81-324D-4B3E-AE95-9EF2E394B9C1}.Release|Any CPU.ActiveCfg = Release|Any CPU
		{28571C81-324D-4B3E-AE95-9EF2E394B9C1}.Release|Any CPU.Build.0 = Release|Any CPU
		{022BD68B-E677-494C-BD67-E09901601568}.Debug|Any CPU.ActiveCfg = Debug|Any CPU
		{022BD68B-E677-494C-BD67-E09901601568}.Debug|Any CPU.Build.0 = Debug|Any CPU
		{022BD68B-E677-494C-BD67-E09901601568}.Release|Any CPU.ActiveCfg = Release|Any CPU
		{022BD68B-E677-494C-BD67-E09901601568}.Release|Any CPU.Build.0 = Release|Any CPU
		{EE2CBA02-B6BC-455B-8798-57A69799E406}.Debug|Any CPU.ActiveCfg = Debug|Any CPU
		{EE2CBA02-B6BC-455B-8798-57A69799E406}.Debug|Any CPU.Build.0 = Debug|Any CPU
		{EE2CBA02-B6BC-455B-8798-57A69799E406}.Release|Any CPU.ActiveCfg = Release|Any CPU
		{EE2CBA02-B6BC-455B-8798-57A69799E406}.Release|Any CPU.Build.0 = Release|Any CPU
		{735F60C2-D323-4C02-8372-2F0588A6A07D}.Debug|Any CPU.ActiveCfg = Debug|Any CPU
		{735F60C2-D323-4C02-8372-2F0588A6A07D}.Debug|Any CPU.Build.0 = Debug|Any CPU
		{735F60C2-D323-4C02-8372-2F0588A6A07D}.Release|Any CPU.ActiveCfg = Release|Any CPU
		{735F60C2-D323-4C02-8372-2F0588A6A07D}.Release|Any CPU.Build.0 = Release|Any CPU
		{68BE1855-DB01-4137-A695-0FA3D70907C3}.Debug|Any CPU.ActiveCfg = Debug|Any CPU
		{68BE1855-DB01-4137-A695-0FA3D70907C3}.Debug|Any CPU.Build.0 = Debug|Any CPU
		{68BE1855-DB01-4137-A695-0FA3D70907C3}.Release|Any CPU.ActiveCfg = Release|Any CPU
		{68BE1855-DB01-4137-A695-0FA3D70907C3}.Release|Any CPU.Build.0 = Release|Any CPU
		{A429577F-4914-46AC-A7CE-5553FC2554E0}.Debug|Any CPU.ActiveCfg = Debug|Any CPU
		{A429577F-4914-46AC-A7CE-5553FC2554E0}.Debug|Any CPU.Build.0 = Debug|Any CPU
		{A429577F-4914-46AC-A7CE-5553FC2554E0}.Release|Any CPU.ActiveCfg = Release|Any CPU
		{A429577F-4914-46AC-A7CE-5553FC2554E0}.Release|Any CPU.Build.0 = Release|Any CPU
		{ED542B2C-069D-48CC-A26B-F191475B9765}.Debug|Any CPU.ActiveCfg = Debug|Any CPU
		{ED542B2C-069D-48CC-A26B-F191475B9765}.Debug|Any CPU.Build.0 = Debug|Any CPU
		{ED542B2C-069D-48CC-A26B-F191475B9765}.Release|Any CPU.ActiveCfg = Release|Any CPU
		{ED542B2C-069D-48CC-A26B-F191475B9765}.Release|Any CPU.Build.0 = Release|Any CPU
	EndGlobalSection
	GlobalSection(SolutionProperties) = preSolution
		HideSolutionNode = FALSE
	EndGlobalSection
	GlobalSection(ExtensibilityGlobals) = postSolution
		SolutionGuid = {32DE78DD-300D-47AF-A2AF-20598BBC374C}
	EndGlobalSection
EndGlobal
